
Microsoft Visual Studio Solution File, Format Version 12.00
# Visual Studio Version 17
VisualStudioVersion = 17.4.33103.184
MinimumVisualStudioVersion = 10.0.40219.1
Project("{FAE04EC0-301F-11D3-BF4B-00C04F79EFBC}") = "World.Cup.Simulator", "World.Cup.Simulator\World.Cup.Simulator.csproj", "{42427D2E-66E7-4542-928E-C51B51C350C7}"
EndProject
Global
	GlobalSection(SolutionConfigurationPlatforms) = preSolution
		Debug|Any CPU = Debug|Any CPU
		Release|Any CPU = Release|Any CPU
	EndGlobalSection
	GlobalSection(ProjectConfigurationPlatforms) = postSolution
		{42427D2E-66E7-4542-928E-C51B51C350C7}.Debug|Any CPU.ActiveCfg = Debug|Any CPU
		{42427D2E-66E7-4542-928E-C51B51C350C7}.Debug|Any CPU.Build.0 = Debug|Any CPU
		{42427D2E-66E7-4542-928E-C51B51C350C7}.Release|Any CPU.ActiveCfg = Release|Any CPU
		{42427D2E-66E7-4542-928E-C51B51C350C7}.Release|Any CPU.Build.0 = Release|Any CPU
	EndGlobalSection
	GlobalSection(SolutionProperties) = preSolution
		HideSolutionNode = FALSE
	EndGlobalSection
	GlobalSection(ExtensibilityGlobals) = postSolution
		SolutionGuid = {62A90CB6-3581-4D62-BB83-EA3F512A4CFA}
	EndGlobalSection
EndGlobal
